
Microsoft Visual Studio Solution File, Format Version 12.00
# Visual Studio Version 17
VisualStudioVersion = 17.5.33530.505
MinimumVisualStudioVersion = 10.0.40219.1
Project("{FAE04EC0-301F-11D3-BF4B-00C04F79EFBC}") = "ConsoleAppLab_3", "ConsoleAppLab_3\ConsoleAppLab_3.csproj", "{BAA83FA6-9850-48EC-B198-A53C90128C95}"
EndProject
Global
	GlobalSection(SolutionConfigurationPlatforms) = preSolution
		Debug|Any CPU = Debug|Any CPU
		Release|Any CPU = Release|Any CPU
	EndGlobalSection
	GlobalSection(ProjectConfigurationPlatforms) = postSolution
		{BAA83FA6-9850-48EC-B198-A53C90128C95}.Debug|Any CPU.ActiveCfg = Debug|Any CPU
		{BAA83FA6-9850-48EC-B198-A53C90128C95}.Debug|Any CPU.Build.0 = Debug|Any CPU
		{BAA83FA6-9850-48EC-B198-A53C90128C95}.Release|Any CPU.ActiveCfg = Release|Any CPU
		{BAA83FA6-9850-48EC-B198-A53C90128C95}.Release|Any CPU.Build.0 = Release|Any CPU
	EndGlobalSection
	GlobalSection(SolutionProperties) = preSolution
		HideSolutionNode = FALSE
	EndGlobalSection
	GlobalSection(ExtensibilityGlobals) = postSolution
		SolutionGuid = {50E5CEE2-9C19-4129-A820-A59255173360}
	EndGlobalSection
EndGlobal
